# THIS IS AN AUTOGENERATED FILE. DO NOT EDIT THIS FILE DIRECTLY.
# yarn lockfile v1


"@fortawesome/fontawesome-free@^6.1.0":
  version "6.1.0"
  resolved "https://registry.yarnpkg.com/@fortawesome/fontawesome-free/-/fontawesome-free-6.1.0.tgz#db162f63c6fdb3ecc6d44de3bbc8ed178390d709"
  integrity sha512-OgM74M6+Q7BuKAj8r+VfzwjnIGZrY62R4ipbiDvBW4FA0mLnB3yeuV/2bW63j+zppGyTvBp/3jqXp9ZXy43nFw==
